{
    "_meta": {
        "hash": {
            "sha256": "925f5b8e292ce0b63f3db964c0b4176f55ae5957c980ddd76799ac1dc174e637"
        },
        "pipfile-spec": 6,
        "requires": {},
        "sources": [
            {
                "name": "pypi",
                "url": "https://pypi.python.org/simple",
                "verify_ssl": true
            }
        ]
    },
    "default": {
        "cached-property": {
            "hashes": [
                "sha256:9fa5755838eecbb2d234c3aa390bd80fbd3ac6b6869109bfc1b499f7bd89a130",
                "sha256:df4f613cf7ad9a588cc381aaf4a512d26265ecebd5eb9e1ba12f1319eb85a6a0"
            ],
            "version": "==1.5.2"
        },
        "certifi": {
            "hashes": [
                "sha256:84c85a9078b11105f04f3036a9482ae10e4621616db313fe045dd24743a0820d",
                "sha256:fe86415d55e84719d75f8b69414f6438ac3547d2078ab91b67e779ef69378412"
            ],
            "markers": "python_version >= '3.6'",
            "version": "==2022.6.15"
        },
        "chardet": {
            "hashes": [
                "sha256:84ab92ed1c4d4f16916e05906b6b75a6c0fb5db821cc65e70cbd64a3e2a5eaae",
                "sha256:fc323ffcaeaed0e0a02bf4d117757b98aed530d9ed4531e3e15460124c106691"
            ],
            "version": "==3.0.4"
        },
        "contextvars": {
            "hashes": [
                "sha256:f38c908aaa59c14335eeea12abea5f443646216c4e29380d7bf34d2018e2c39e"
            ],
            "version": "==2.4"
        },
        "distro": {
            "hashes": [
                "sha256:151aeccf60c216402932b52e40ee477a939f8d58898927378a02abbe852c1c39",
                "sha256:d596311d707e692c2160c37807f83e3820c5d539d5a83e87cfb6babd8ba3a06b"
            ],
            "markers": "python_version >= '3.6'",
            "version": "==1.7.0"
        },
        "docker": {
            "hashes": [
                "sha256:2434b396e616a5ef682fbf80e04839a59e8b81880ece5662c33dff34b8863519",
                "sha256:a062a9f82dff025f79c2097c46f49f143f8898274db7e66041f78cafee66b962"
            ],
            "markers": "python_version >= '2.7' and python_version not in '3.0, 3.1, 3.2, 3.3'",
            "version": "==3.7.3"
        },
        "docker-compose": {
            "hashes": [
                "sha256:21278ce11d4b75a10e249ed49f0671a86ab272fcc5a4bd53983976ddcf0c1d02",
                "sha256:ff079e9e39cde7e437ed87dd5434ea1647f7e203f6327cc5f7db7ef10fa452f4"
            ],
            "index": "pypi",
            "version": "==1.23.2"
        },
        "docker-pycreds": {
            "hashes": [
                "sha256:6ce3270bcaf404cc4c3e27e4b6c70d3521deae82fb508767870fdbf772d584d4",
                "sha256:7266112468627868005106ec19cd0d722702d2b7d5912a28e19b826c3d37af49"
            ],
            "version": "==0.4.0"
        },
        "dockerpty": {
            "hashes": [
                "sha256:69a9d69d573a0daa31bcd1c0774eeed5c15c295fe719c61aca550ed1393156ce"
            ],
            "version": "==0.4.1"
        },
        "docopt": {
            "hashes": [
                "sha256:49b3a825280bd66b3aa83585ef59c4a8c82f2c8a522dbe754a8bc8d08c85c491"
            ],
            "version": "==0.6.2"
        },
        "idna": {
            "hashes": [
                "sha256:156a6814fb5ac1fc6850fb002e0852d56c0c8d2531923a51032d1b70760e186e",
                "sha256:684a38a6f903c1d71d6d5fac066b58d7768af4de2b832e426ec79c30daa94a16"
            ],
            "version": "==2.7"
        },
        "immutables": {
            "hashes": [
                "sha256:03696193b276db3a9b619629685198886ddd7c4098c544bd8d0f87532c74120b",
                "sha256:13159cedb698fdd243d9f2a7469c1628e075a180fc02f865dd98322b92a14aaf",
                "sha256:1330f96eb6a3a11f5d02f30b2c6393ef30d01a79f7144d63d2a3e6ff05cb99db",
                "sha256:1338aad6fd69f11442adcbb3402a028c90f6e945682ddb8aba462a3827f2d427",
                "sha256:1acbbc333f1643fd1ed21bcc3e09aad2ef6648478a0cae76a2ca5823764a7d3b",
                "sha256:1d6821d7718cf9f4a7b1d9e765fc22a9d1ae0fad3fabd8724b4e614d2a6e0b54",
                "sha256:210efea163a704597cfdb2d30713d3c0963c30f0d997539c9ab5da40e3d6a886",
                "sha256:29a5886845cd0ca8263b721337750a895e28feee2f16694a526977a791909db5",
                "sha256:2aa5292630b08c874972931bac06ee381cb6fb7382d7be1856234d7bd4a8e676",
                "sha256:2b6c820c9bb5aac62b76de703384bb8bb706108be90c3def4a7f047f185a92bb",
                "sha256:45bd862a5dfb952eaff4a9c2448712c5a550dd956575e23cbfc512010fb06c74",
                "sha256:525fe9001b5a96c325eec41677efaeb8c3610776e834ce7f31fbe3d33cc05252",
                "sha256:5336c7974084cce62f7e29aaff81a3c3f75e0fd0a23a2faeb986ae0ea08d8cf4",
                "sha256:535616ad7ca1174a27ade637192c970bfedb0b0e0467e69ce415b40d7cf7ba0c",
                "sha256:53fccddd28cc3214aa48ca564702311c07eac069190dd890e097802c5d69b33a",
                "sha256:54577e46c5332d7390212040c084335b7d667504847ed2788428d44f20e595ce",
                "sha256:5caf9c670e6851e7f310716c7dcdf8705236d13056eda1fab3deaad5d7198468",
                "sha256:5d43b16b6adbe1327c6688e14b125cb3b940e748790b305de96c8d55668ac25f",
                "sha256:5f32b5933393e4cc204d8f9e7d9f503ec052e30f612090be0de0dd31b1464b35",
                "sha256:69352b45a115808219feaf0bb7a551e9aa76c72684db93cd03f11474165f4569",
                "sha256:6baf4dc11ba0e9f41a6cbde7ecaa7af9cb482559b92ba3254e3e37a518b1970e",
                "sha256:6e979a9225507e3cd830ea73ac68b69fe82f495313a891485800daa5b6567e05",
                "sha256:6ee2d6f8816fce53fa89b6a1ba2d4a96b344bf584d6ed0b10a871b17fff46e49",
                "sha256:734ec4467dd15f9135ca5ecccc91e796a67d27c227e81554f9e06b1bb3b28d6d",
                "sha256:74456c579cfd53f883cdcc0700e3871648a3316767efc1adf8c723ad3d8addec",
                "sha256:77bdc96dc24e32839557cde3785f8039a369c95529ff9179044b81d0ba4bd02c",
                "sha256:798b4d6c388116effa7523591e4e39865292e4fa74e169b05a0759a16f604ce1",
                "sha256:853d63f4a07b2ea2131ba0831aeec11f6a6ee5e290e8f175bf56842762d7412e",
                "sha256:8b650d779a46441dccd02e7ee8326dbd0dec633c6bd75e9fe13373a6b19570dd",
                "sha256:90da9dea0a1c0a907d511f124cd87fe090c0e30a951c3fe68bc9782ae4f2c77f",
                "sha256:989606e440492736112b471dcd80586e3d4a63bc6f8ff4f9d1d612e0f96cb683",
                "sha256:98f67bd36532582751dcc9021fdb60e7efc82e5717ae5927b84d0b86ea58fe12",
                "sha256:9949f704b80d0e601587d0a3b1a0cc6ff5d49528f6dfc1c8a1476b2137bb925e",
                "sha256:9a86dcca4bb406f80e7a18c233aec0e76a7530c456e24aa1e19a708a34f2aac1",
                "sha256:9d72527fde329e3b566b67c954237be52b07d6e84ff23dcc1e94499755cacff6",
                "sha256:9f17407491164beb689d426f7985f79ae9dfa69868653cfbdb95645f6bf05cb0",
                "sha256:a29e3aa0fe05fb2cc6b31039f448aa6206d7f0cdb660c98aa9be6d12070d6840",
                "sha256:a3bad4d43009fa61ea40d887e6fa89ae7c4e62dff5e4a878d60b76cf245720bb",
                "sha256:ac9e05f846392e983fb59f74ed2334031b366251d16d24122e4c85f70fb6e2da",
                "sha256:b3621256bc8058a7973f736b9e2c940e17133476265a0a83b8df8c0f446ca32f",
                "sha256:bc830a689a55e404f0e23d7d69e01c218fa8a0be54a6ca5df45b6fbfeeac648a",
                "sha256:d11da4946e19f3b24a873b2ba2891cc226a89bb398561c62dfb966a9b6501a4a",
                "sha256:d841dfa15b932bdad27f5149bce86b32d0dd8a29679ed61405677317b6893447",
                "sha256:de1a091ab89b7ba50501a915a0fbdceb52b079c752f4f7c76d2060237774a714",
                "sha256:e04b61ddffd4ccb4d7ab823b2e55dbb4ad47c37697e311fae4b98b3c023ab194",
                "sha256:e4c2110173649acf67bd763bbd2a9c3a863a1d20fd7f3db3493ce4e0fb04fae5",
                "sha256:f6edb73619aa0a5fe4a77d97dd9d39bfeef61a5afe71aa5bdceccf59b933999e",
                "sha256:fade8ccf7afbc1e7ea353159fa90cc04395f2f4f57658160d7a02f6aa60c4e77",
                "sha256:ffced8535cc673fcfb411d28ba5744689a6978fa596c803725a76f43c1bda911"
            ],
            "markers": "python_version >= '3.6'",
            "version": "==0.18"
        },
        "jinja2": {
            "hashes": [
                "sha256:31351a702a408a9e7595a8fc6150fc3f43bb6bf7e319770cbc0db9df9437e852",
                "sha256:6088930bfe239f0e6710546ab9c19c9ef35e29792895fed6e6e31a023a182a61"
            ],
            "markers": "python_version >= '3.7'",
            "version": "==3.1.2"
        },
        "jsonschema": {
            "hashes": [
                "sha256:000e68abd33c972a5248544925a0cae7d1125f9bf6c58280d37546b946769a08",
                "sha256:6ff5f3180870836cae40f06fa10419f557208175f13ad7bc26caa77beb1f6e02"
            ],
            "version": "==2.6.0"
        },
        "markupsafe": {
            "hashes": [
                "sha256:0212a68688482dc52b2d45013df70d169f542b7394fc744c02a57374a4207003",
                "sha256:089cf3dbf0cd6c100f02945abeb18484bd1ee57a079aefd52cffd17fba910b88",
                "sha256:10c1bfff05d95783da83491be968e8fe789263689c02724e0c691933c52994f5",
                "sha256:33b74d289bd2f5e527beadcaa3f401e0df0a89927c1559c8566c066fa4248ab7",
                "sha256:3799351e2336dc91ea70b034983ee71cf2f9533cdff7c14c90ea126bfd95d65a",
                "sha256:3ce11ee3f23f79dbd06fb3d63e2f6af7b12db1d46932fe7bd8afa259a5996603",
                "sha256:421be9fbf0ffe9ffd7a378aafebbf6f4602d564d34be190fc19a193232fd12b1",
                "sha256:43093fb83d8343aac0b1baa75516da6092f58f41200907ef92448ecab8825135",
                "sha256:46d00d6cfecdde84d40e572d63735ef81423ad31184100411e6e3388d405e247",
                "sha256:4a33dea2b688b3190ee12bd7cfa29d39c9ed176bda40bfa11099a3ce5d3a7ac6",
                "sha256:4b9fe39a2ccc108a4accc2676e77da025ce383c108593d65cc909add5c3bd601",
                "sha256:56442863ed2b06d19c37f94d999035e15ee982988920e12a5b4ba29b62ad1f77",
                "sha256:671cd1187ed5e62818414afe79ed29da836dde67166a9fac6d435873c44fdd02",
                "sha256:694deca8d702d5db21ec83983ce0bb4b26a578e71fbdbd4fdcd387daa90e4d5e",
                "sha256:6a074d34ee7a5ce3effbc526b7083ec9731bb3cbf921bbe1d3005d4d2bdb3a63",
                "sha256:6d0072fea50feec76a4c418096652f2c3238eaa014b2f94aeb1d56a66b41403f",
                "sha256:6fbf47b5d3728c6aea2abb0589b5d30459e369baa772e0f37a0320185e87c980",
                "sha256:7f91197cc9e48f989d12e4e6fbc46495c446636dfc81b9ccf50bb0ec74b91d4b",
                "sha256:86b1f75c4e7c2ac2ccdaec2b9022845dbb81880ca318bb7a0a01fbf7813e3812",
                "sha256:8dc1c72a69aa7e082593c4a203dcf94ddb74bb5c8a731e4e1eb68d031e8498ff",
                "sha256:8e3dcf21f367459434c18e71b2a9532d96547aef8a871872a5bd69a715c15f96",
                "sha256:8e576a51ad59e4bfaac456023a78f6b5e6e7651dcd383bcc3e18d06f9b55d6d1",
                "sha256:96e37a3dc86e80bf81758c152fe66dbf60ed5eca3d26305edf01892257049925",
                "sha256:97a68e6ada378df82bc9f16b800ab77cbf4b2fada0081794318520138c088e4a",
                "sha256:99a2a507ed3ac881b975a2976d59f38c19386d128e7a9a18b7df6fff1fd4c1d6",
                "sha256:a49907dd8420c5685cfa064a1335b6754b74541bbb3706c259c02ed65b644b3e",
                "sha256:b09bf97215625a311f669476f44b8b318b075847b49316d3e28c08e41a7a573f",
                "sha256:b7bd98b796e2b6553da7225aeb61f447f80a1ca64f41d83612e6139ca5213aa4",
                "sha256:b87db4360013327109564f0e591bd2a3b318547bcef31b468a92ee504d07ae4f",
                "sha256:bcb3ed405ed3222f9904899563d6fc492ff75cce56cba05e32eff40e6acbeaa3",
                "sha256:d4306c36ca495956b6d568d276ac11fdd9c30a36f1b6eb928070dc5360b22e1c",
                "sha256:d5ee4f386140395a2c818d149221149c54849dfcfcb9f1debfe07a8b8bd63f9a",
                "sha256:dda30ba7e87fbbb7eab1ec9f58678558fd9a6b8b853530e176eabd064da81417",
                "sha256:e04e26803c9c3851c931eac40c695602c6295b8d432cbe78609649ad9bd2da8a",
                "sha256:e1c0b87e09fa55a220f058d1d49d3fb8df88fbfab58558f1198e08c1e1de842a",
                "sha256:e72591e9ecd94d7feb70c1cbd7be7b3ebea3f548870aa91e2732960fa4d57a37",
                "sha256:e8c843bbcda3a2f1e3c2ab25913c80a3c5376cd00c6e8c4a86a89a28c8dc5452",
                "sha256:efc1913fd2ca4f334418481c7e595c00aad186563bbc1ec76067848c7ca0a933",
                "sha256:f121a1420d4e173a5d96e47e9a0c0dcff965afdf1626d28de1460815f7c4ee7a",
                "sha256:fc7b548b17d238737688817ab67deebb30e8073c95749d55538ed473130ec0c7"
            ],
            "markers": "python_version >= '3.7'",
            "version": "==2.1.1"
        },
        "msgpack": {
            "hashes": [
                "sha256:002b5c72b6cd9b4bafd790f364b8480e859b4712e91f43014fe01e4f957b8467",
                "sha256:0a68d3ac0104e2d3510de90a1091720157c319ceeb90d74f7b5295a6bee51bae",
                "sha256:0df96d6eaf45ceca04b3f3b4b111b86b33785683d682c655063ef8057d61fd92",
                "sha256:0dfe3947db5fb9ce52aaea6ca28112a170db9eae75adf9339a1aec434dc954ef",
                "sha256:0e3590f9fb9f7fbc36df366267870e77269c03172d086fa76bb4eba8b2b46624",
                "sha256:11184bc7e56fd74c00ead4f9cc9a3091d62ecb96e97653add7a879a14b003227",
                "sha256:112b0f93202d7c0fef0b7810d465fde23c746a2d482e1e2de2aafd2ce1492c88",
                "sha256:1276e8f34e139aeff1c77a3cefb295598b504ac5314d32c8c3d54d24fadb94c9",
                "sha256:1576bd97527a93c44fa856770197dec00d223b0b9f36ef03f65bac60197cedf8",
                "sha256:1e91d641d2bfe91ba4c52039adc5bccf27c335356055825c7f88742c8bb900dd",
                "sha256:26b8feaca40a90cbe031b03d82b2898bf560027160d3eae1423f4a67654ec5d6",
                "sha256:2999623886c5c02deefe156e8f869c3b0aaeba14bfc50aa2486a0415178fce55",
                "sha256:2a2df1b55a78eb5f5b7d2a4bb221cd8363913830145fad05374a80bf0877cb1e",
                "sha256:2bb8cdf50dd623392fa75525cce44a65a12a00c98e1e37bf0fb08ddce2ff60d2",
                "sha256:2cc5ca2712ac0003bcb625c96368fd08a0f86bbc1a5578802512d87bc592fe44",
                "sha256:35bc0faa494b0f1d851fd29129b2575b2e26d41d177caacd4206d81502d4c6a6",
                "sha256:3c11a48cf5e59026ad7cb0dc29e29a01b5a66a3e333dc11c04f7e991fc5510a9",
                "sha256:449e57cc1ff18d3b444eb554e44613cffcccb32805d16726a5494038c3b93dab",
                "sha256:462497af5fd4e0edbb1559c352ad84f6c577ffbbb708566a0abaaa84acd9f3ae",
                "sha256:4733359808c56d5d7756628736061c432ded018e7a1dff2d35a02439043321aa",
                "sha256:48f5d88c99f64c456413d74a975bd605a9b0526293218a3b77220a2c15458ba9",
                "sha256:49565b0e3d7896d9ea71d9095df15b7f75a035c49be733051c34762ca95bbf7e",
                "sha256:4ab251d229d10498e9a2f3b1e68ef64cb393394ec477e3370c457f9430ce9250",
                "sha256:4d5834a2a48965a349da1c5a79760d94a1a0172fbb5ab6b5b33cbf8447e109ce",
                "sha256:4dea20515f660aa6b7e964433b1808d098dcfcabbebeaaad240d11f909298075",
                "sha256:545e3cf0cf74f3e48b470f68ed19551ae6f9722814ea969305794645da091236",
                "sha256:63e29d6e8c9ca22b21846234913c3466b7e4ee6e422f205a2988083de3b08cae",
                "sha256:6916c78f33602ecf0509cc40379271ba0f9ab572b066bd4bdafd7434dee4bc6e",
                "sha256:6a4192b1ab40f8dca3f2877b70e63799d95c62c068c84dc028b40a6cb03ccd0f",
                "sha256:6c9566f2c39ccced0a38d37c26cc3570983b97833c365a6044edef3574a00c08",
                "sha256:76ee788122de3a68a02ed6f3a16bbcd97bc7c2e39bd4d94be2f1821e7c4a64e6",
                "sha256:7760f85956c415578c17edb39eed99f9181a48375b0d4a94076d84148cf67b2d",
                "sha256:77ccd2af37f3db0ea59fb280fa2165bf1b096510ba9fe0cc2bf8fa92a22fdb43",
                "sha256:81fc7ba725464651190b196f3cd848e8553d4d510114a954681fd0b9c479d7e1",
                "sha256:85f279d88d8e833ec015650fd15ae5eddce0791e1e8a59165318f371158efec6",
                "sha256:9667bdfdf523c40d2511f0e98a6c9d3603be6b371ae9a238b7ef2dc4e7a427b0",
                "sha256:a75dfb03f8b06f4ab093dafe3ddcc2d633259e6c3f74bb1b01996f5d8aa5868c",
                "sha256:ac5bd7901487c4a1dd51a8c58f2632b15d838d07ceedaa5e4c080f7190925bff",
                "sha256:aca0f1644d6b5a73eb3e74d4d64d5d8c6c3d577e753a04c9e9c87d07692c58db",
                "sha256:b17be2478b622939e39b816e0aa8242611cc8d3583d1cd8ec31b249f04623243",
                "sha256:c1683841cd4fa45ac427c18854c3ec3cd9b681694caf5bff04edb9387602d661",
                "sha256:c23080fdeec4716aede32b4e0ef7e213c7b1093eede9ee010949f2a418ced6ba",
                "sha256:d5b5b962221fa2c5d3a7f8133f9abffc114fe218eb4365e40f17732ade576c8e",
                "sha256:d603de2b8d2ea3f3bcb2efe286849aa7a81531abc52d8454da12f46235092bcb",
                "sha256:e83f80a7fec1a62cf4e6c9a660e39c7f878f603737a0cdac8c13131d11d97f52",
                "sha256:eb514ad14edf07a1dbe63761fd30f89ae79b42625731e1ccf5e1f1092950eaa6",
                "sha256:eba96145051ccec0ec86611fe9cf693ce55f2a3ce89c06ed307de0e085730ec1",
                "sha256:ed6f7b854a823ea44cf94919ba3f727e230da29feb4a99711433f25800cf747f",
                "sha256:f0029245c51fd9473dc1aede1160b0a29f4a912e6b1dd353fa6d317085b219da",
                "sha256:f5d869c18f030202eb412f08b28d2afeea553d6613aee89e200d7aca7ef01f5f",
                "sha256:fb62ea4b62bfcb0b380d5680f9a4b3f9a2d166d9394e9bbd9666c0ee09a3645c",
                "sha256:fcb8a47f43acc113e24e910399376f7277cf8508b27e5b88499f053de6b115a8"
            ],
            "version": "==1.0.4"
        },
        "pycryptodomex": {
            "hashes": [
                "sha256:04cc393045a8f19dd110c975e30f38ed7ab3faf21ede415ea67afebd95a22380",
                "sha256:0776bfaf2c48154ab54ea45392847c1283d2fcf64e232e85565f858baedfc1fa",
                "sha256:0fadb9f7fa3150577800eef35f62a8a24b9ddf1563ff060d9bd3af22d3952c8c",
                "sha256:18e2ab4813883ae63396c0ffe50b13554b32bb69ec56f0afaf052e7a7ae0d55b",
                "sha256:191e73bc84a8064ad1874dba0ebadedd7cce4dedee998549518f2c74a003b2e1",
                "sha256:35a8f7afe1867118330e2e0e0bf759c409e28557fb1fc2fbb1c6c937297dbe9a",
                "sha256:3709f13ca3852b0b07fc04a2c03b379189232b24007c466be0f605dd4723e9d4",
                "sha256:4540904c09704b6f831059c0dfb38584acb82cb97b0125cd52688c1f1e3fffa6",
                "sha256:463119d7d22d0fc04a0f9122e9d3e6121c6648bcb12a052b51bd1eed1b996aa2",
                "sha256:46b3f05f2f7ac7841053da4e0f69616929ca3c42f238c405f6c3df7759ad2780",
                "sha256:48697790203909fab02a33226fda546604f4e2653f9d47bc5d3eb40879fa7c64",
                "sha256:5676a132169a1c1a3712edf25250722ebc8c9102aa9abd814df063ca8362454f",
                "sha256:65204412d0c6a8e3c41e21e93a5e6054a74fea501afa03046a388cf042e3377a",
                "sha256:67e1e6a92151023ccdfcfbc0afb3314ad30080793b4c27956ea06ab1fb9bcd8a",
                "sha256:6f5b6ba8aefd624834bc177a2ac292734996bb030f9d1b388e7504103b6fcddf",
                "sha256:7341f1bb2dadb0d1a0047f34c3a58208a92423cdbd3244d998e4b28df5eac0ed",
                "sha256:78d9621cf0ea35abf2d38fa2ca6d0634eab6c991a78373498ab149953787e5e5",
                "sha256:8eecdf9cdc7343001d047f951b9cc805cd68cb6cd77b20ea46af5bffc5bd3dfb",
                "sha256:94c7b60e1f52e1a87715571327baea0733708ab4723346598beca4a3b6879794",
                "sha256:996e1ba717077ce1e6d4849af7a1426f38b07b3d173b879e27d5e26d2e958beb",
                "sha256:a07a64709e366c2041cd5cfbca592b43998bf4df88f7b0ca73dca37071ccf1bd",
                "sha256:b6306403228edde6e289f626a3908a2f7f67c344e712cf7c0a508bab3ad9e381",
                "sha256:b9279adc16e4b0f590ceff581f53a80179b02cba9056010d733eb4196134a870",
                "sha256:c4cb9cb492ea7dcdf222a8d19a1d09002798ea516aeae8877245206d27326d86",
                "sha256:dd452a5af7014e866206d41751886c9b4bf379a339fdf2dbfc7dd16c0fb4f8e0",
                "sha256:e2b12968522a0358b8917fc7b28865acac002f02f4c4c6020fcb264d76bfd06d",
                "sha256:e3164a18348bd53c69b4435ebfb4ac8a4076291ffa2a70b54f0c4b80c7834b1d",
                "sha256:e47bf8776a7e15576887f04314f5228c6527b99946e6638cf2f16da56d260cab",
                "sha256:f8be976cec59b11f011f790b88aca67b4ea2bd286578d0bd3e31bcd19afcd3e4",
                "sha256:fc9bc7a9b79fe5c750fc81a307052f8daabb709bdaabb0fb18fb136b66b653b5"
            ],
            "markers": "python_version >= '2.7' and python_version not in '3.0, 3.1, 3.2, 3.3, 3.4'",
            "version": "==3.15.0"
        },
        "pyyaml": {
            "hashes": [
                "sha256:3d7da3009c0f3e783b2c873687652d83b1bbfd5c88e9813fb7e5b03c0dd3108b",
                "sha256:3ef3092145e9b70e3ddd2c7ad59bdd0252a94dfe3949721633e41344de00a6bf",
                "sha256:40c71b8e076d0550b2e6380bada1f1cd1017b882f7e16f09a65be98e017f211a",
                "sha256:558dd60b890ba8fd982e05941927a3911dc409a63dcb8b634feaa0cda69330d3",
                "sha256:a7c28b45d9f99102fa092bb213aa12e0aaf9a6a1f5e395d36166639c1f96c3a1",
                "sha256:aa7dd4a6a427aed7df6fb7f08a580d68d9b118d90310374716ae90b710280af1",
                "sha256:bc558586e6045763782014934bfaf39d48b8ae85a2713117d16c39864085c613",
                "sha256:d46d7982b62e0729ad0175a9bc7e10a566fc07b224d2c79fafb5e032727eaa04",
                "sha256:d5eef459e30b09f5a098b9cea68bebfeb268697f78d647bd255a085371ac7f3f",
                "sha256:e01d3203230e1786cd91ccfdc8f8454c8069c91bee3962ad93b87a4b2860f537",
                "sha256:e170a9e6fcfd19021dd29845af83bb79236068bf5fd4df3327c1be18182b2531"
            ],
            "version": "==3.13"
        },
        "pyzmq": {
            "hashes": [
                "sha256:03638e46d486dd1c118e03c8bf9c634bdcae679600eac6573ae1e54906de7c2f",
                "sha256:0af84f34f27b5c6a0e906c648bdf46d4caebf9c8e6e16db0728f30a58141cad6",
                "sha256:0e554fd390021edbe0330b67226325a820b0319c5b45e1b0a59bf22ccc36e793",
                "sha256:1e9b75a119606732023a305d1c214146c09a91f8116f6aff3e8b7d0a60b6f0ff",
                "sha256:225774a48ed7414c0395335e7123ef8c418dbcbe172caabdc2496133b03254c2",
                "sha256:2742e380d186673eee6a570ef83d4568741945434ba36d92b98d36cdbfedbd44",
                "sha256:309d763d89ec1845c0e0fa14e1fb6558fd8c9ef05ed32baec27d7a8499cc7bb0",
                "sha256:46250789730489009fe139cbf576679557c070a6a3628077d09a4153d52fd381",
                "sha256:4d9259a5eb3f71abbaf61f165cacf42240bfeea3783bebd8255341abdfe206f1",
                "sha256:523d542823cabb94065178090e05347bd204365f6e7cb260f0071c995d392fc2",
                "sha256:53706f4a792cdae422121fb6a5e65119bad02373153364fc9d004cf6a90394de",
                "sha256:5efe02bdcc5eafcac0aab531292294298f0ab8d28ed43be9e507d0e09173d1a4",
                "sha256:63ee08e35be72fdd7568065a249a5b5cf51a2e8ab6ee63cf9f73786fcb9e710b",
                "sha256:6e24907857c80dc67692e31f5bf3ad5bf483ee0142cec95b3d47e2db8c43bdda",
                "sha256:7113eb93dcd0a5750c65d123ed0099e036a3a3f2dcb48afedd025ffa125c983b",
                "sha256:824ad5888331aadeac772bce27e1c2fbcab82fade92edbd234542c4e12f0dca9",
                "sha256:895695be380f0f85d2e3ec5ccf68a93c92d45bd298567525ad5633071589872c",
                "sha256:b62113eeb9a0649cebed9b21fd578f3a0175ef214a2a91dcb7b31bbf55805295",
                "sha256:bc7dd697356b31389d5118b9bcdef3e8d8079e8181800c4e8d72dccd56e1ff68",
                "sha256:bf755905a7d30d2749079611b9a89924c1f2da2695dc09ce221f42122c9808e3",
                "sha256:c63fafd2556d218368c51d18588f8e6f8d86d09d493032415057faf6de869b34",
                "sha256:c95dda497a7c1b1e734b5e8353173ca5dd7b67784d8821d13413a97856588057",
                "sha256:cc09c5cd1a4332611c8564d65e6a432dc6db3e10793d0254da9fa1e31d9ffd6d",
                "sha256:cfa54a162a7b32641665e99b2c12084555afe9fc8fe80ec8b2f71a57320d10e1",
                "sha256:d81184489369ec325bd50ba1c935361e63f31f578430b9ad95471899361a8253",
                "sha256:d92c7f41a53ece82b91703ea433c7d34143248cf0cead33aa11c5fc621c764bf",
                "sha256:dc2f48b575dff6edefd572f1ac84cf0c3f18ad5fcf13384de32df740a010594a",
                "sha256:f0beef935efe78a63c785bb21ed56c1c24448511383e3994927c8bb2caf5e714",
                "sha256:f110a4d3f8f01209eec304ed542f6c8054cce9b0f16dfe3d571e57c290e4e133"
            ],
            "markers": "python_version >= '3.5'",
            "version": "==20.0.0"
        },
        "requests": {
            "hashes": [
                "sha256:65b3a120e4329e33c9889db89c80976c5272f56ea92d3e74da8a463992e3ff54",
                "sha256:ea881206e59f41dbd0bd445437d792e43906703fff75ca8ff43ccdb11f33f263"
            ],
            "markers": "python_version >= '2.7' and python_version not in '3.0, 3.1, 3.2, 3.3'",
            "version": "==2.20.1"
        },
        "salt": {
            "hashes": [
                "sha256:a6f9c8c8b5e2600ea8620b4a67371de17611beb4f8d97e4bb9b0b308a37ed1e2"
            ],
            "index": "pypi",
            "version": "==3003.3"
        },
        "six": {
            "hashes": [
                "sha256:1e61c37477a1626458e36f7b1d82aa5c9b094fa4802892072e49de9c60c4c926",
                "sha256:8abb2f1d86890a2dfb989f9a77cfcfd3e47c2a354b01111771326f8aa26e0254"
            ],
            "markers": "python_version >= '2.7' and python_version not in '3.0, 3.1, 3.2, 3.3'",
            "version": "==1.16.0"
        },
        "texttable": {
            "hashes": [
                "sha256:119041773ff03596b56392532f9315cb3a3116e404fd6f36e76a7dc088d95c79"
            ],
            "version": "==0.9.1"
        },
        "urllib3": {
            "hashes": [
                "sha256:2393a695cd12afedd0dcb26fe5d50d0cf248e5a66f75dbd89a3d4eb333a61af4",
                "sha256:a637e5fae88995b256e3409dc4d52c2e2e0ba32c42a6365fee8bbd2238de3cfb"
            ],
            "markers": "python_version >= '2.7' and python_version not in '3.0, 3.1, 3.2, 3.3' and python_version < '4'",
            "version": "==1.24.3"
        },
        "websocket-client": {
            "hashes": [
                "sha256:2e50d26ca593f70aba7b13a489435ef88b8fc3b5c5643c1ce8808ff9b40f0b32",
                "sha256:d376bd60eace9d437ab6d7ee16f4ab4e821c9dae591e1b783c58ebd8aaf80c5c"
            ],
            "markers": "python_version >= '2.6' and python_version not in '3.0, 3.1, 3.2, 3.3'",
            "version": "==0.59.0"
        }
    },
    "develop": {}
}
